
Microsoft Visual Studio Solution File, Format Version 12.00
# Visual Studio Version 17
VisualStudioVersion = 17.8.34330.188
MinimumVisualStudioVersion = 10.0.40219.1
Project("{FAE04EC0-301F-11D3-BF4B-00C04F79EFBC}") = "Car Rental Management System", "Car Rental Management System\Car Rental Management System.csproj", "{760EF830-25A2-4DE4-AC3E-2540C59A72FE}"
EndProject
Global
	GlobalSection(SolutionConfigurationPlatforms) = preSolution
		Debug|Any CPU = Debug|Any CPU
		Release|Any CPU = Release|Any CPU
	EndGlobalSection
	GlobalSection(ProjectConfigurationPlatforms) = postSolution
		{760EF830-25A2-4DE4-AC3E-2540C59A72FE}.Debug|Any CPU.ActiveCfg = Debug|Any CPU
		{760EF830-25A2-4DE4-AC3E-2540C59A72FE}.Debug|Any CPU.Build.0 = Debug|Any CPU
		{760EF830-25A2-4DE4-AC3E-2540C59A72FE}.Release|Any CPU.ActiveCfg = Release|Any CPU
		{760EF830-25A2-4DE4-AC3E-2540C59A72FE}.Release|Any CPU.Build.0 = Release|Any CPU
	EndGlobalSection
	GlobalSection(SolutionProperties) = preSolution
		HideSolutionNode = FALSE
	EndGlobalSection
	GlobalSection(ExtensibilityGlobals) = postSolution
		SolutionGuid = {A6A0C796-AFEC-407B-A2DF-BCAA92D26AB7}
	EndGlobalSection
EndGlobal
